
Microsoft Visual Studio Solution File, Format Version 12.00
# Visual Studio Version 17
VisualStudioVersion = 17.1.32407.343
MinimumVisualStudioVersion = 10.0.40219.1
Project("{9A19103F-16F7-4668-BE54-9A1E7A4F7556}") = "CTI-RPA.SYS", "CTI-RPA.SYS.csproj", "{CCD1AF3F-B3A5-4297-8A12-9086FD9B79D3}"
EndProject
Global
	GlobalSection(SolutionConfigurationPlatforms) = preSolution
		Debug|Any CPU = Debug|Any CPU
		Release|Any CPU = Release|Any CPU
	EndGlobalSection
	GlobalSection(ProjectConfigurationPlatforms) = postSolution
		{CCD1AF3F-B3A5-4297-8A12-9086FD9B79D3}.Debug|Any CPU.ActiveCfg = Debug|Any CPU
		{CCD1AF3F-B3A5-4297-8A12-9086FD9B79D3}.Debug|Any CPU.Build.0 = Debug|Any CPU
		{CCD1AF3F-B3A5-4297-8A12-9086FD9B79D3}.Release|Any CPU.ActiveCfg = Release|Any CPU
		{CCD1AF3F-B3A5-4297-8A12-9086FD9B79D3}.Release|Any CPU.Build.0 = Release|Any CPU
	EndGlobalSection
	GlobalSection(SolutionProperties) = preSolution
		HideSolutionNode = FALSE
	EndGlobalSection
	GlobalSection(ExtensibilityGlobals) = postSolution
		SolutionGuid = {6E4ECFCF-1CD3-46A2-BB85-A99751336FFD}
	EndGlobalSection
EndGlobal
